
Microsoft Visual Studio Solution File, Format Version 12.00
# Visual Studio Version 16
VisualStudioVersion = 16.0.30104.148
MinimumVisualStudioVersion = 10.0.40219.1
Project("{FAE04EC0-301F-11D3-BF4B-00C04F79EFBC}") = "TestWebCam", "TestWebCam.csproj", "{61BBEE95-420C-4557-9FDC-27E65DB0FBC8}"
EndProject
Global
	GlobalSection(SolutionConfigurationPlatforms) = preSolution
		Debug|Any CPU = Debug|Any CPU
		Release|Any CPU = Release|Any CPU
	EndGlobalSection
	GlobalSection(ProjectConfigurationPlatforms) = postSolution
		{61BBEE95-420C-4557-9FDC-27E65DB0FBC8}.Debug|Any CPU.ActiveCfg = Debug|Any CPU
		{61BBEE95-420C-4557-9FDC-27E65DB0FBC8}.Debug|Any CPU.Build.0 = Debug|Any CPU
		{61BBEE95-420C-4557-9FDC-27E65DB0FBC8}.Release|Any CPU.ActiveCfg = Release|Any CPU
		{61BBEE95-420C-4557-9FDC-27E65DB0FBC8}.Release|Any CPU.Build.0 = Release|Any CPU
	EndGlobalSection
	GlobalSection(SolutionProperties) = preSolution
		HideSolutionNode = FALSE
	EndGlobalSection
	GlobalSection(ExtensibilityGlobals) = postSolution
		SolutionGuid = {2862AA76-2789-4F01-AA5D-1DD3D7E88C7C}
	EndGlobalSection
EndGlobal
